
Microsoft Visual Studio Solution File, Format Version 12.00
# Visual Studio Version 17
VisualStudioVersion = 17.7.34024.191
MinimumVisualStudioVersion = 10.0.40219.1
Project("{FAE04EC0-301F-11D3-BF4B-00C04F79EFBC}") = "ASM2_DDD", "ASM2_DDD.csproj", "{C75A43D2-D01F-4BC9-A730-456CB034C689}"
EndProject
Global
	GlobalSection(SolutionConfigurationPlatforms) = preSolution
		Debug|Any CPU = Debug|Any CPU
		Release|Any CPU = Release|Any CPU
	EndGlobalSection
	GlobalSection(ProjectConfigurationPlatforms) = postSolution
		{C75A43D2-D01F-4BC9-A730-456CB034C689}.Debug|Any CPU.ActiveCfg = Debug|Any CPU
		{C75A43D2-D01F-4BC9-A730-456CB034C689}.Debug|Any CPU.Build.0 = Debug|Any CPU
		{C75A43D2-D01F-4BC9-A730-456CB034C689}.Release|Any CPU.ActiveCfg = Release|Any CPU
		{C75A43D2-D01F-4BC9-A730-456CB034C689}.Release|Any CPU.Build.0 = Release|Any CPU
	EndGlobalSection
	GlobalSection(SolutionProperties) = preSolution
		HideSolutionNode = FALSE
	EndGlobalSection
	GlobalSection(ExtensibilityGlobals) = postSolution
		SolutionGuid = {643FFCEA-E83C-4EC1-8192-63FC35EF5BB8}
	EndGlobalSection
EndGlobal
